
Microsoft Visual Studio Solution File, Format Version 12.00
# Visual Studio 15
VisualStudioVersion = 15.0.26228.4
MinimumVisualStudioVersion = 10.0.40219.1
Project("{FAE04EC0-301F-11D3-BF4B-00C04F79EFBC}") = "TwitterClone", "TwitterClone\TwitterClone.csproj", "{8BBAAFCB-9524-4169-97C3-101D70DFC612}"
EndProject
Global
	GlobalSection(SolutionConfigurationPlatforms) = preSolution
		Debug|Any CPU = Debug|Any CPU
		Release|Any CPU = Release|Any CPU
	EndGlobalSection
	GlobalSection(ProjectConfigurationPlatforms) = postSolution
		{8BBAAFCB-9524-4169-97C3-101D70DFC612}.Debug|Any CPU.ActiveCfg = Debug|Any CPU
		{8BBAAFCB-9524-4169-97C3-101D70DFC612}.Debug|Any CPU.Build.0 = Debug|Any CPU
		{8BBAAFCB-9524-4169-97C3-101D70DFC612}.Release|Any CPU.ActiveCfg = Release|Any CPU
		{8BBAAFCB-9524-4169-97C3-101D70DFC612}.Release|Any CPU.Build.0 = Release|Any CPU
	EndGlobalSection
	GlobalSection(SolutionProperties) = preSolution
		HideSolutionNode = FALSE
	EndGlobalSection
EndGlobal
